// !$*UTF8*$!
{
	archiveVersion = 1;
	classes = {
	};
	objectVersion = 56;
	objects = {

/* Begin PBXBuildFile section */
		18202C862A06807B0020D1BA /* AppDelegate.swift in Sources */ = {isa = PBXBuildFile; fileRef = 18202C852A06807B0020D1BA /* AppDelegate.swift */; };
		18202C882A06807B0020D1BA /* SceneDelegate.swift in Sources */ = {isa = PBXBuildFile; fileRef = 18202C872A06807B0020D1BA /* SceneDelegate.swift */; };
		18202C8A2A06807B0020D1BA /* AllRoomsViewController.swift in Sources */ = {isa = PBXBuildFile; fileRef = 18202C892A06807B0020D1BA /* AllRoomsViewController.swift */; };
		18202C8F2A06807C0020D1BA /* Assets.xcassets in Resources */ = {isa = PBXBuildFile; fileRef = 18202C8E2A06807C0020D1BA /* Assets.xcassets */; };
		18202C922A06807C0020D1BA /* LaunchScreen.storyboard in Resources */ = {isa = PBXBuildFile; fileRef = 18202C902A06807C0020D1BA /* LaunchScreen.storyboard */; };
		18202C9A2A068F580020D1BA /* LoginViewController.swift in Sources */ = {isa = PBXBuildFile; fileRef = 18202C992A068F580020D1BA /* LoginViewController.swift */; };
		18202C9C2A068F680020D1BA /* RegistrationViewController.swift in Sources */ = {isa = PBXBuildFile; fileRef = 18202C9B2A068F680020D1BA /* RegistrationViewController.swift */; };
		18202C9F2A0691A10020D1BA /* SnapKit in Frameworks */ = {isa = PBXBuildFile; productRef = 18202C9E2A0691A10020D1BA /* SnapKit */; };
		18F9CDB72A07B2FC008BBD37 /* WelcomeViewController.swift in Sources */ = {isa = PBXBuildFile; fileRef = 18F9CDB62A07B2FC008BBD37 /* WelcomeViewController.swift */; };
		5F22885B2A0CE5C800B0FC9E /* BookingViewController.swift in Sources */ = {isa = PBXBuildFile; fileRef = 5F22885A2A0CE5C800B0FC9E /* BookingViewController.swift */; };
		5F22885E2A0D243700B0FC9E /* Alamofire in Frameworks */ = {isa = PBXBuildFile; productRef = 5F22885D2A0D243700B0FC9E /* Alamofire */; };
		5F2288602A0D373600B0FC9E /* AllRoomsModel.swift in Sources */ = {isa = PBXBuildFile; fileRef = 5F22885F2A0D373600B0FC9E /* AllRoomsModel.swift */; };
		5F2288632A0D3A6800B0FC9E /* Kingfisher in Frameworks */ = {isa = PBXBuildFile; productRef = 5F2288622A0D3A6800B0FC9E /* Kingfisher */; };
		5F2288652A0E634200B0FC9E /* NetworkManager.swift in Sources */ = {isa = PBXBuildFile; fileRef = 5F2288642A0E634200B0FC9E /* NetworkManager.swift */; };
		5F32B19E2A0A74250086DEA5 /* AllRoomsTableViewCell.swift in Sources */ = {isa = PBXBuildFile; fileRef = 5F32B19D2A0A74250086DEA5 /* AllRoomsTableViewCell.swift */; };
		5F32B1A02A0A892E0086DEA5 /* RoomDetailslViewController.swift in Sources */ = {isa = PBXBuildFile; fileRef = 5F32B19F2A0A892E0086DEA5 /* RoomDetailslViewController.swift */; };
		5F32B1A62A0A8A4C0086DEA5 /* RoomDetailsTableViewCell.swift in Sources */ = {isa = PBXBuildFile; fileRef = 5F32B1A52A0A8A4C0086DEA5 /* RoomDetailsTableViewCell.swift */; };
		5F6E5DAA2A0EABA100DB97E6 /* RoomDetailsModel.swift in Sources */ = {isa = PBXBuildFile; fileRef = 5F6E5DA92A0EABA100DB97E6 /* RoomDetailsModel.swift */; };
		5F6E5DAC2A0EDCEF00DB97E6 /* UserReservationsViewController.swift in Sources */ = {isa = PBXBuildFile; fileRef = 5F6E5DAB2A0EDCEF00DB97E6 /* UserReservationsViewController.swift */; };
		5F6E5DAE2A0EDDBA00DB97E6 /* ReservationModel.swift in Sources */ = {isa = PBXBuildFile; fileRef = 5F6E5DAD2A0EDDBA00DB97E6 /* ReservationModel.swift */; };
		5F6E5DB02A0EDE5500DB97E6 /* ReservationTableViewCell.swift in Sources */ = {isa = PBXBuildFile; fileRef = 5F6E5DAF2A0EDE5500DB97E6 /* ReservationTableViewCell.swift */; };
/* End PBXBuildFile section */

/* Begin PBXFileReference section */
		18202C822A06807B0020D1BA /* JusanBooking.app */ = {isa = PBXFileReference; explicitFileType = wrapper.application; includeInIndex = 0; path = JusanBooking.app; sourceTree = BUILT_PRODUCTS_DIR; };
		18202C852A06807B0020D1BA /* AppDelegate.swift */ = {isa = PBXFileReference; lastKnownFileType = sourcecode.swift; path = AppDelegate.swift; sourceTree = "<group>"; };
		18202C872A06807B0020D1BA /* SceneDelegate.swift */ = {isa = PBXFileReference; lastKnownFileType = sourcecode.swift; path = SceneDelegate.swift; sourceTree = "<group>"; };
		18202C892A06807B0020D1BA /* AllRoomsViewController.swift */ = {isa = PBXFileReference; lastKnownFileType = sourcecode.swift; path = AllRoomsViewController.swift; sourceTree = "<group>"; };
		18202C8E2A06807C0020D1BA /* Assets.xcassets */ = {isa = PBXFileReference; lastKnownFileType = folder.assetcatalog; path = Assets.xcassets; sourceTree = "<group>"; };
		18202C912A06807C0020D1BA /* Base */ = {isa = PBXFileReference; lastKnownFileType = file.storyboard; name = Base; path = Base.lproj/LaunchScreen.storyboard; sourceTree = "<group>"; };
		18202C932A06807C0020D1BA /* Info.plist */ = {isa = PBXFileReference; lastKnownFileType = text.plist.xml; path = Info.plist; sourceTree = "<group>"; };
		18202C992A068F580020D1BA /* LoginViewController.swift */ = {isa = PBXFileReference; lastKnownFileType = sourcecode.swift; path = LoginViewController.swift; sourceTree = "<group>"; };
		18202C9B2A068F680020D1BA /* RegistrationViewController.swift */ = {isa = PBXFileReference; lastKnownFileType = sourcecode.swift; path = RegistrationViewController.swift; sourceTree = "<group>"; };
		18F9CDB62A07B2FC008BBD37 /* WelcomeViewController.swift */ = {isa = PBXFileReference; lastKnownFileType = sourcecode.swift; path = WelcomeViewController.swift; sourceTree = "<group>"; };
		5F22885A2A0CE5C800B0FC9E /* BookingViewController.swift */ = {isa = PBXFileReference; lastKnownFileType = sourcecode.swift; path = BookingViewController.swift; sourceTree = "<group>"; };
		5F22885F2A0D373600B0FC9E /* AllRoomsModel.swift */ = {isa = PBXFileReference; lastKnownFileType = sourcecode.swift; path = AllRoomsModel.swift; sourceTree = "<group>"; };
		5F2288642A0E634200B0FC9E /* NetworkManager.swift */ = {isa = PBXFileReference; lastKnownFileType = sourcecode.swift; path = NetworkManager.swift; sourceTree = "<group>"; };
		5F32B19D2A0A74250086DEA5 /* AllRoomsTableViewCell.swift */ = {isa = PBXFileReference; lastKnownFileType = sourcecode.swift; path = AllRoomsTableViewCell.swift; sourceTree = "<group>"; };
		5F32B19F2A0A892E0086DEA5 /* RoomDetailslViewController.swift */ = {isa = PBXFileReference; lastKnownFileType = sourcecode.swift; path = RoomDetailslViewController.swift; sourceTree = "<group>"; };
		5F32B1A52A0A8A4C0086DEA5 /* RoomDetailsTableViewCell.swift */ = {isa = PBXFileReference; lastKnownFileType = sourcecode.swift; path = RoomDetailsTableViewCell.swift; sourceTree = "<group>"; };
		5F6E5DA92A0EABA100DB97E6 /* RoomDetailsModel.swift */ = {isa = PBXFileReference; lastKnownFileType = sourcecode.swift; path = RoomDetailsModel.swift; sourceTree = "<group>"; };
		5F6E5DAB2A0EDCEF00DB97E6 /* UserReservationsViewController.swift */ = {isa = PBXFileReference; lastKnownFileType = sourcecode.swift; path = UserReservationsViewController.swift; sourceTree = "<group>"; };
		5F6E5DAD2A0EDDBA00DB97E6 /* ReservationModel.swift */ = {isa = PBXFileReference; lastKnownFileType = sourcecode.swift; path = ReservationModel.swift; sourceTree = "<group>"; };
		5F6E5DAF2A0EDE5500DB97E6 /* ReservationTableViewCell.swift */ = {isa = PBXFileReference; lastKnownFileType = sourcecode.swift; path = ReservationTableViewCell.swift; sourceTree = "<group>"; };
/* End PBXFileReference section */

/* Begin PBXFrameworksBuildPhase section */
		18202C7F2A06807B0020D1BA /* Frameworks */ = {
			isa = PBXFrameworksBuildPhase;
			buildActionMask = 2147483647;
			files = (
				5F2288632A0D3A6800B0FC9E /* Kingfisher in Frameworks */,
				18202C9F2A0691A10020D1BA /* SnapKit in Frameworks */,
				5F22885E2A0D243700B0FC9E /* Alamofire in Frameworks */,
			);
			runOnlyForDeploymentPostprocessing = 0;
		};
/* End PBXFrameworksBuildPhase section */

/* Begin PBXGroup section */
		18202C792A06807B0020D1BA = {
			isa = PBXGroup;
			children = (
				18202C842A06807B0020D1BA /* JusanBooking */,
				18202C832A06807B0020D1BA /* Products */,
			);
			sourceTree = "<group>";
		};
		18202C832A06807B0020D1BA /* Products */ = {
			isa = PBXGroup;
			children = (
				18202C822A06807B0020D1BA /* JusanBooking.app */,
			);
			name = Products;
			sourceTree = "<group>";
		};
		18202C842A06807B0020D1BA /* JusanBooking */ = {
			isa = PBXGroup;
			children = (
				5F2288592A0CE5AE00B0FC9E /* Booking */,
				5F32B1A42A0A8A010086DEA5 /* Application */,
				18F9CDB62A07B2FC008BBD37 /* WelcomeViewController.swift */,
				5F32B1A32A0A89EB0086DEA5 /* Authentification */,
				5F32B1A22A0A89DF0086DEA5 /* RoomDetail */,
				5F32B1A12A0A89D30086DEA5 /* AllRooms */,
				18202C8E2A06807C0020D1BA /* Assets.xcassets */,
				18202C902A06807C0020D1BA /* LaunchScreen.storyboard */,
				18202C932A06807C0020D1BA /* Info.plist */,
				5F2288642A0E634200B0FC9E /* NetworkManager.swift */,
			);
			path = JusanBooking;
			sourceTree = "<group>";
		};
		5F2288592A0CE5AE00B0FC9E /* Booking */ = {
			isa = PBXGroup;
			children = (
				5F22885A2A0CE5C800B0FC9E /* BookingViewController.swift */,
				5F6E5DAB2A0EDCEF00DB97E6 /* UserReservationsViewController.swift */,
				5F6E5DAD2A0EDDBA00DB97E6 /* ReservationModel.swift */,
				5F6E5DAF2A0EDE5500DB97E6 /* ReservationTableViewCell.swift */,
			);
			path = Booking;
			sourceTree = "<group>";
		};
		5F32B1A12A0A89D30086DEA5 /* AllRooms */ = {
			isa = PBXGroup;
			children = (
				18202C892A06807B0020D1BA /* AllRoomsViewController.swift */,
				5F32B19D2A0A74250086DEA5 /* AllRoomsTableViewCell.swift */,
				5F22885F2A0D373600B0FC9E /* AllRoomsModel.swift */,
			);
			path = AllRooms;
			sourceTree = "<group>";
		};
		5F32B1A22A0A89DF0086DEA5 /* RoomDetail */ = {
			isa = PBXGroup;
			children = (
				5F32B19F2A0A892E0086DEA5 /* RoomDetailslViewController.swift */,
				5F32B1A52A0A8A4C0086DEA5 /* RoomDetailsTableViewCell.swift */,
				5F6E5DA92A0EABA100DB97E6 /* RoomDetailsModel.swift */,
			);
			path = RoomDetail;
			sourceTree = "<group>";
		};
		5F32B1A32A0A89EB0086DEA5 /* Authentification */ = {
			isa = PBXGroup;
			children = (
				18202C992A068F580020D1BA /* LoginViewController.swift */,
				18202C9B2A068F680020D1BA /* RegistrationViewController.swift */,
			);
			path = Authentification;
			sourceTree = "<group>";
		};
		5F32B1A42A0A8A010086DEA5 /* Application */ = {
			isa = PBXGroup;
			children = (
				18202C852A06807B0020D1BA /* AppDelegate.swift */,
				18202C872A06807B0020D1BA /* SceneDelegate.swift */,
			);
			path = Application;
			sourceTree = "<group>";
		};
/* End PBXGroup section */

/* Begin PBXNativeTarget section */
		18202C812A06807B0020D1BA /* JusanBooking */ = {
			isa = PBXNativeTarget;
			buildConfigurationList = 18202C962A06807C0020D1BA /* Build configuration list for PBXNativeTarget "JusanBooking" */;
			buildPhases = (
				18202C7E2A06807B0020D1BA /* Sources */,
				18202C7F2A06807B0020D1BA /* Frameworks */,
				18202C802A06807B0020D1BA /* Resources */,
			);
			buildRules = (
			);
			dependencies = (
			);
			name = JusanBooking;
			packageProductDependencies = (
				18202C9E2A0691A10020D1BA /* SnapKit */,
				5F22885D2A0D243700B0FC9E /* Alamofire */,
				5F2288622A0D3A6800B0FC9E /* Kingfisher */,
			);
			productName = JusanBooking;
			productReference = 18202C822A06807B0020D1BA /* JusanBooking.app */;
			productType = "com.apple.product-type.application";
		};
/* End PBXNativeTarget section */

/* Begin PBXProject section */
		18202C7A2A06807B0020D1BA /* Project object */ = {
			isa = PBXProject;
			attributes = {
				BuildIndependentTargetsInParallel = 1;
				LastSwiftUpdateCheck = 1420;
				LastUpgradeCheck = 1420;
				TargetAttributes = {
					18202C812A06807B0020D1BA = {
						CreatedOnToolsVersion = 14.2;
					};
				};
			};
			buildConfigurationList = 18202C7D2A06807B0020D1BA /* Build configuration list for PBXProject "JusanBooking" */;
			compatibilityVersion = "Xcode 14.0";
			developmentRegion = en;
			hasScannedForEncodings = 0;
			knownRegions = (
				en,
				Base,
			);
			mainGroup = 18202C792A06807B0020D1BA;
			packageReferences = (
				18202C9D2A0691A10020D1BA /* XCRemoteSwiftPackageReference "SnapKit" */,
				5F22885C2A0D243700B0FC9E /* XCRemoteSwiftPackageReference "Alamofire" */,
				5F2288612A0D3A6800B0FC9E /* XCRemoteSwiftPackageReference "Kingfisher" */,
			);
			productRefGroup = 18202C832A06807B0020D1BA /* Products */;
			projectDirPath = "";
			projectRoot = "";
			targets = (
				18202C812A06807B0020D1BA /* JusanBooking */,
			);
		};
/* End PBXProject section */

/* Begin PBXResourcesBuildPhase section */
		18202C802A06807B0020D1BA /* Resources */ = {
			isa = PBXResourcesBuildPhase;
			buildActionMask = 2147483647;
			files = (
				18202C922A06807C0020D1BA /* LaunchScreen.storyboard in Resources */,
				18202C8F2A06807C0020D1BA /* Assets.xcassets in Resources */,
			);
			runOnlyForDeploymentPostprocessing = 0;
		};
/* End PBXResourcesBuildPhase section */

/* Begin PBXSourcesBuildPhase section */
		18202C7E2A06807B0020D1BA /* Sources */ = {
			isa = PBXSourcesBuildPhase;
			buildActionMask = 2147483647;
			files = (
				5F6E5DAC2A0EDCEF00DB97E6 /* UserReservationsViewController.swift in Sources */,
				5F6E5DAE2A0EDDBA00DB97E6 /* ReservationModel.swift in Sources */,
				5F2288652A0E634200B0FC9E /* NetworkManager.swift in Sources */,
				5F32B1A02A0A892E0086DEA5 /* RoomDetailslViewController.swift in Sources */,
				18202C9A2A068F580020D1BA /* LoginViewController.swift in Sources */,
				5F32B1A62A0A8A4C0086DEA5 /* RoomDetailsTableViewCell.swift in Sources */,
				18202C8A2A06807B0020D1BA /* AllRoomsViewController.swift in Sources */,
				18202C862A06807B0020D1BA /* AppDelegate.swift in Sources */,
				5F6E5DAA2A0EABA100DB97E6 /* RoomDetailsModel.swift in Sources */,
				18F9CDB72A07B2FC008BBD37 /* WelcomeViewController.swift in Sources */,
				18202C882A06807B0020D1BA /* SceneDelegate.swift in Sources */,
				5F2288602A0D373600B0FC9E /* AllRoomsModel.swift in Sources */,
				5F32B19E2A0A74250086DEA5 /* AllRoomsTableViewCell.swift in Sources */,
				5F22885B2A0CE5C800B0FC9E /* BookingViewController.swift in Sources */,
				5F6E5DB02A0EDE5500DB97E6 /* ReservationTableViewCell.swift in Sources */,
				18202C9C2A068F680020D1BA /* RegistrationViewController.swift in Sources */,
			);
			runOnlyForDeploymentPostprocessing = 0;
		};
/* End PBXSourcesBuildPhase section */

/* Begin PBXVariantGroup section */
		18202C902A06807C0020D1BA /* LaunchScreen.storyboard */ = {
			isa = PBXVariantGroup;
			children = (
				18202C912A06807C0020D1BA /* Base */,
			);
			name = LaunchScreen.storyboard;
			sourceTree = "<group>";
		};
/* End PBXVariantGroup section */

/* Begin XCBuildConfiguration section */
		18202C942A06807C0020D1BA /* Debug */ = {
			isa = XCBuildConfiguration;
			buildSettings = {
				ALWAYS_SEARCH_USER_PATHS = NO;
				CLANG_ANALYZER_NONNULL = YES;
				CLANG_ANALYZER_NUMBER_OBJECT_CONVERSION = YES_AGGRESSIVE;
				CLANG_CXX_LANGUAGE_STANDARD = "gnu++20";
				CLANG_ENABLE_MODULES = YES;
				CLANG_ENABLE_OBJC_ARC = YES;
				CLANG_ENABLE_OBJC_WEAK = YES;
				CLANG_WARN_BLOCK_CAPTURE_AUTORELEASING = YES;
				CLANG_WARN_BOOL_CONVERSION = YES;
				CLANG_WARN_COMMA = YES;
				CLANG_WARN_CONSTANT_CONVERSION = YES;
				CLANG_WARN_DEPRECATED_OBJC_IMPLEMENTATIONS = YES;
				CLANG_WARN_DIRECT_OBJC_ISA_USAGE = YES_ERROR;
				CLANG_WARN_DOCUMENTATION_COMMENTS = YES;
				CLANG_WARN_EMPTY_BODY = YES;
				CLANG_WARN_ENUM_CONVERSION = YES;
				CLANG_WARN_INFINITE_RECURSION = YES;
				CLANG_WARN_INT_CONVERSION = YES;
				CLANG_WARN_NON_LITERAL_NULL_CONVERSION = YES;
				CLANG_WARN_OBJC_IMPLICIT_RETAIN_SELF = YES;
				CLANG_WARN_OBJC_LITERAL_CONVERSION = YES;
				CLANG_WARN_OBJC_ROOT_CLASS = YES_ERROR;
				CLANG_WARN_QUOTED_INCLUDE_IN_FRAMEWORK_HEADER = YES;
				CLANG_WARN_RANGE_LOOP_ANALYSIS = YES;
				CLANG_WARN_STRICT_PROTOTYPES = YES;
				CLANG_WARN_SUSPICIOUS_MOVE = YES;
				CLANG_WARN_UNGUARDED_AVAILABILITY = YES_AGGRESSIVE;
				CLANG_WARN_UNREACHABLE_CODE = YES;
				CLANG_WARN__DUPLICATE_METHOD_MATCH = YES;
				COPY_PHASE_STRIP = NO;
				DEBUG_INFORMATION_FORMAT = dwarf;
				ENABLE_STRICT_OBJC_MSGSEND = YES;
				ENABLE_TESTABILITY = YES;
				GCC_C_LANGUAGE_STANDARD = gnu11;
				GCC_DYNAMIC_NO_PIC = NO;
				GCC_NO_COMMON_BLOCKS = YES;
				GCC_OPTIMIZATION_LEVEL = 0;
				GCC_PREPROCESSOR_DEFINITIONS = (
					"DEBUG=1",
					"$(inherited)",
				);
				GCC_WARN_64_TO_32_BIT_CONVERSION = YES;
				GCC_WARN_ABOUT_RETURN_TYPE = YES_ERROR;
				GCC_WARN_UNDECLARED_SELECTOR = YES;
				GCC_WARN_UNINITIALIZED_AUTOS = YES_AGGRESSIVE;
				GCC_WARN_UNUSED_FUNCTION = YES;
				GCC_WARN_UNUSED_VARIABLE = YES;
				IPHONEOS_DEPLOYMENT_TARGET = 16.2;
				MTL_ENABLE_DEBUG_INFO = INCLUDE_SOURCE;
				MTL_FAST_MATH = YES;
				ONLY_ACTIVE_ARCH = YES;
				SDKROOT = iphoneos;
				SWIFT_ACTIVE_COMPILATION_CONDITIONS = DEBUG;
				SWIFT_OPTIMIZATION_LEVEL = "-Onone";
			};
			name = Debug;
		};
		18202C952A06807C0020D1BA /* Release */ = {
			isa = XCBuildConfiguration;
			buildSettings = {
				ALWAYS_SEARCH_USER_PATHS = NO;
				CLANG_ANALYZER_NONNULL = YES;
				CLANG_ANALYZER_NUMBER_OBJECT_CONVERSION = YES_AGGRESSIVE;
				CLANG_CXX_LANGUAGE_STANDARD = "gnu++20";
				CLANG_ENABLE_MODULES = YES;
				CLANG_ENABLE_OBJC_ARC = YES;
				CLANG_ENABLE_OBJC_WEAK = YES;
				CLANG_WARN_BLOCK_CAPTURE_AUTORELEASING = YES;
				CLANG_WARN_BOOL_CONVERSION = YES;
				CLANG_WARN_COMMA = YES;
				CLANG_WARN_CONSTANT_CONVERSION = YES;
				CLANG_WARN_DEPRECATED_OBJC_IMPLEMENTATIONS = YES;
				CLANG_WARN_DIRECT_OBJC_ISA_USAGE = YES_ERROR;
				CLANG_WARN_DOCUMENTATION_COMMENTS = YES;
				CLANG_WARN_EMPTY_BODY = YES;
				CLANG_WARN_ENUM_CONVERSION = YES;
				CLANG_WARN_INFINITE_RECURSION = YES;
				CLANG_WARN_INT_CONVERSION = YES;
				CLANG_WARN_NON_LITERAL_NULL_CONVERSION = YES;
				CLANG_WARN_OBJC_IMPLICIT_RETAIN_SELF = YES;
				CLANG_WARN_OBJC_LITERAL_CONVERSION = YES;
				CLANG_WARN_OBJC_ROOT_CLASS = YES_ERROR;
				CLANG_WARN_QUOTED_INCLUDE_IN_FRAMEWORK_HEADER = YES;
				CLANG_WARN_RANGE_LOOP_ANALYSIS = YES;
				CLANG_WARN_STRICT_PROTOTYPES = YES;
				CLANG_WARN_SUSPICIOUS_MOVE = YES;
				CLANG_WARN_UNGUARDED_AVAILABILITY = YES_AGGRESSIVE;
				CLANG_WARN_UNREACHABLE_CODE = YES;
				CLANG_WARN__DUPLICATE_METHOD_MATCH = YES;
				COPY_PHASE_STRIP = NO;
				DEBUG_INFORMATION_FORMAT = "dwarf-with-dsym";
				ENABLE_NS_ASSERTIONS = NO;
				ENABLE_STRICT_OBJC_MSGSEND = YES;
				GCC_C_LANGUAGE_STANDARD = gnu11;
				GCC_NO_COMMON_BLOCKS = YES;
				GCC_WARN_64_TO_32_BIT_CONVERSION = YES;
				GCC_WARN_ABOUT_RETURN_TYPE = YES_ERROR;
				GCC_WARN_UNDECLARED_SELECTOR = YES;
				GCC_WARN_UNINITIALIZED_AUTOS = YES_AGGRESSIVE;
				GCC_WARN_UNUSED_FUNCTION = YES;
				GCC_WARN_UNUSED_VARIABLE = YES;
				IPHONEOS_DEPLOYMENT_TARGET = 16.2;
				MTL_ENABLE_DEBUG_INFO = NO;
				MTL_FAST_MATH = YES;
				SDKROOT = iphoneos;
				SWIFT_COMPILATION_MODE = wholemodule;
				SWIFT_OPTIMIZATION_LEVEL = "-O";
				VALIDATE_PRODUCT = YES;
			};
			name = Release;
		};
		18202C972A06807C0020D1BA /* Debug */ = {
			isa = XCBuildConfiguration;
			buildSettings = {
				ASSETCATALOG_COMPILER_APPICON_NAME = AppIcon;
				ASSETCATALOG_COMPILER_GLOBAL_ACCENT_COLOR_NAME = AccentColor;
				CODE_SIGN_STYLE = Automatic;
				CURRENT_PROJECT_VERSION = 1;
				DEVELOPMENT_TEAM = 772A23CWJC;
				GENERATE_INFOPLIST_FILE = YES;
				INFOPLIST_FILE = JusanBooking/Info.plist;
				INFOPLIST_KEY_UIApplicationSupportsIndirectInputEvents = YES;
				INFOPLIST_KEY_UILaunchStoryboardName = LaunchScreen;
				INFOPLIST_KEY_UISupportedInterfaceOrientations_iPad = "UIInterfaceOrientationPortrait UIInterfaceOrientationPortraitUpsideDown UIInterfaceOrientationLandscapeLeft UIInterfaceOrientationLandscapeRight";
				INFOPLIST_KEY_UISupportedInterfaceOrientations_iPhone = "UIInterfaceOrientationPortrait UIInterfaceOrientationLandscapeLeft UIInterfaceOrientationLandscapeRight";
				LD_RUNPATH_SEARCH_PATHS = (
					"$(inherited)",
					"@executable_path/Frameworks",
				);
				MARKETING_VERSION = 1.0;
				PRODUCT_BUNDLE_IDENTIFIER = kazakhlegacy.JusanBooking;
				PRODUCT_NAME = "$(TARGET_NAME)";
				SWIFT_EMIT_LOC_STRINGS = YES;
				SWIFT_VERSION = 5.0;
				TARGETED_DEVICE_FAMILY = "1,2";
			};
			name = Debug;
		};
		18202C982A06807C0020D1BA /* Release */ = {
			isa = XCBuildConfiguration;
			buildSettings = {
				ASSETCATALOG_COMPILER_APPICON_NAME = AppIcon;
				ASSETCATALOG_COMPILER_GLOBAL_ACCENT_COLOR_NAME = AccentColor;
				CODE_SIGN_STYLE = Automatic;
				CURRENT_PROJECT_VERSION = 1;
				DEVELOPMENT_TEAM = 772A23CWJC;
				GENERATE_INFOPLIST_FILE = YES;
				INFOPLIST_FILE = JusanBooking/Info.plist;
				INFOPLIST_KEY_UIApplicationSupportsIndirectInputEvents = YES;
				INFOPLIST_KEY_UILaunchStoryboardName = LaunchScreen;
				INFOPLIST_KEY_UISupportedInterfaceOrientations_iPad = "UIInterfaceOrientationPortrait UIInterfaceOrientationPortraitUpsideDown UIInterfaceOrientationLandscapeLeft UIInterfaceOrientationLandscapeRight";
				INFOPLIST_KEY_UISupportedInterfaceOrientations_iPhone = "UIInterfaceOrientationPortrait UIInterfaceOrientationLandscapeLeft UIInterfaceOrientationLandscapeRight";
				LD_RUNPATH_SEARCH_PATHS = (
					"$(inherited)",
					"@executable_path/Frameworks",
				);
				MARKETING_VERSION = 1.0;
				PRODUCT_BUNDLE_IDENTIFIER = kazakhlegacy.JusanBooking;
				PRODUCT_NAME = "$(TARGET_NAME)";
				SWIFT_EMIT_LOC_STRINGS = YES;
				SWIFT_VERSION = 5.0;
				TARGETED_DEVICE_FAMILY = "1,2";
			};
			name = Release;
		};
/* End XCBuildConfiguration section */

/* Begin XCConfigurationList section */
		18202C7D2A06807B0020D1BA /* Build configuration list for PBXProject "JusanBooking" */ = {
			isa = XCConfigurationList;
			buildConfigurations = (
				18202C942A06807C0020D1BA /* Debug */,
				18202C952A06807C0020D1BA /* Release */,
			);
			defaultConfigurationIsVisible = 0;
			defaultConfigurationName = Release;
		};
		18202C962A06807C0020D1BA /* Build configuration list for PBXNativeTarget "JusanBooking" */ = {
			isa = XCConfigurationList;
			buildConfigurations = (
				18202C972A06807C0020D1BA /* Debug */,
				18202C982A06807C0020D1BA /* Release */,
			);
			defaultConfigurationIsVisible = 0;
			defaultConfigurationName = Release;
		};
/* End XCConfigurationList section */

/* Begin XCRemoteSwiftPackageReference section */
		18202C9D2A0691A10020D1BA /* XCRemoteSwiftPackageReference "SnapKit" */ = {
			isa = XCRemoteSwiftPackageReference;
			repositoryURL = "https://github.com/SnapKit/SnapKit";
			requirement = {
				kind = exactVersion;
				version = 5.6.0;
			};
		};
		5F22885C2A0D243700B0FC9E /* XCRemoteSwiftPackageReference "Alamofire" */ = {
			isa = XCRemoteSwiftPackageReference;
			repositoryURL = "https://github.com/Alamofire/Alamofire";
			requirement = {
				kind = exactVersion;
				version = 5.7.1;
			};
		};
		5F2288612A0D3A6800B0FC9E /* XCRemoteSwiftPackageReference "Kingfisher" */ = {
			isa = XCRemoteSwiftPackageReference;
			repositoryURL = "https://github.com/onevcat/Kingfisher";
			requirement = {
				kind = exactVersion;
				version = 7.6.2;
			};
		};
/* End XCRemoteSwiftPackageReference section */

/* Begin XCSwiftPackageProductDependency section */
		18202C9E2A0691A10020D1BA /* SnapKit */ = {
			isa = XCSwiftPackageProductDependency;
			package = 18202C9D2A0691A10020D1BA /* XCRemoteSwiftPackageReference "SnapKit" */;
			productName = SnapKit;
		};
		5F22885D2A0D243700B0FC9E /* Alamofire */ = {
			isa = XCSwiftPackageProductDependency;
			package = 5F22885C2A0D243700B0FC9E /* XCRemoteSwiftPackageReference "Alamofire" */;
			productName = Alamofire;
		};
		5F2288622A0D3A6800B0FC9E /* Kingfisher */ = {
			isa = XCSwiftPackageProductDependency;
			package = 5F2288612A0D3A6800B0FC9E /* XCRemoteSwiftPackageReference "Kingfisher" */;
			productName = Kingfisher;
		};
/* End XCSwiftPackageProductDependency section */
	};
	rootObject = 18202C7A2A06807B0020D1BA /* Project object */;
}
